// !$*UTF8*$!
{
	archiveVersion = 1;
	classes = {
	};
	objectVersion = 46;
	objects = {

/* Begin PBXBuildFile section */
		CDC92DF41D37E94F00DA7A4F /* main.m in Sources */ = {isa = PBXBuildFile; fileRef = CDC92DF31D37E94F00DA7A4F /* main.m */; };
		CDC92DF71D37E94F00DA7A4F /* AppDelegate.m in Sources */ = {isa = PBXBuildFile; fileRef = CDC92DF61D37E94F00DA7A4F /* AppDelegate.m */; };
		CDC92E181D37ECE900DA7A4F /* libZipperSlug.a in Frameworks */ = {isa = PBXBuildFile; fileRef = CDC92E171D37ECE900DA7A4F /* libZipperSlug.a */; };
		CDC92E271D37ED2A00DA7A4F /* Functional.m in Sources */ = {isa = PBXBuildFile; fileRef = CDC92E261D37ED2A00DA7A4F /* Functional.m */; };
		CDC92E2E1D37F27200DA7A4F /* libZipperSlug.a in Frameworks */ = {isa = PBXBuildFile; fileRef = CDC92E171D37ECE900DA7A4F /* libZipperSlug.a */; };
		CDC92E301D37FBC800DA7A4F /* Sort.m in Sources */ = {isa = PBXBuildFile; fileRef = CDC92E2F1D37FBC800DA7A4F /* Sort.m */; };
		CDC92E321D37FD0A00DA7A4F /* Search.m in Sources */ = {isa = PBXBuildFile; fileRef = CDC92E311D37FD0A00DA7A4F /* Search.m */; };
/* End PBXBuildFile section */

/* Begin PBXContainerItemProxy section */
		CDC92E291D37ED2A00DA7A4F /* PBXContainerItemProxy */ = {
			isa = PBXContainerItemProxy;
			containerPortal = CDC92DE71D37E94F00DA7A4F /* Project object */;
			proxyType = 1;
			remoteGlobalIDString = CDC92DEE1D37E94F00DA7A4F;
			remoteInfo = ZSTest;
		};
/* End PBXContainerItemProxy section */

/* Begin PBXFileReference section */
		CDC92DEF1D37E94F00DA7A4F /* ZSTest.app */ = {isa = PBXFileReference; explicitFileType = wrapper.application; includeInIndex = 0; path = ZSTest.app; sourceTree = BUILT_PRODUCTS_DIR; };
		CDC92DF31D37E94F00DA7A4F /* main.m */ = {isa = PBXFileReference; lastKnownFileType = sourcecode.c.objc; path = main.m; sourceTree = "<group>"; };
		CDC92DF51D37E94F00DA7A4F /* AppDelegate.h */ = {isa = PBXFileReference; lastKnownFileType = sourcecode.c.h; path = AppDelegate.h; sourceTree = "<group>"; };
		CDC92DF61D37E94F00DA7A4F /* AppDelegate.m */ = {isa = PBXFileReference; lastKnownFileType = sourcecode.c.objc; path = AppDelegate.m; sourceTree = "<group>"; };
		CDC92E031D37E94F00DA7A4F /* Info.plist */ = {isa = PBXFileReference; lastKnownFileType = text.plist.xml; path = Info.plist; sourceTree = "<group>"; };
		CDC92E171D37ECE900DA7A4F /* libZipperSlug.a */ = {isa = PBXFileReference; lastKnownFileType = archive.ar; path = libZipperSlug.a; sourceTree = "<group>"; };
		CDC92E241D37ED2A00DA7A4F /* Functional.xctest */ = {isa = PBXFileReference; explicitFileType = wrapper.cfbundle; includeInIndex = 0; path = Functional.xctest; sourceTree = BUILT_PRODUCTS_DIR; };
		CDC92E261D37ED2A00DA7A4F /* Functional.m */ = {isa = PBXFileReference; lastKnownFileType = sourcecode.c.objc; path = Functional.m; sourceTree = "<group>"; };
		CDC92E281D37ED2A00DA7A4F /* Info.plist */ = {isa = PBXFileReference; lastKnownFileType = text.plist.xml; path = Info.plist; sourceTree = "<group>"; };
		CDC92E2F1D37FBC800DA7A4F /* Sort.m */ = {isa = PBXFileReference; fileEncoding = 4; lastKnownFileType = sourcecode.c.objc; path = Sort.m; sourceTree = "<group>"; };
		CDC92E311D37FD0A00DA7A4F /* Search.m */ = {isa = PBXFileReference; fileEncoding = 4; lastKnownFileType = sourcecode.c.objc; path = Search.m; sourceTree = "<group>"; };
		CDC92E331D38056900DA7A4F /* ZipperSlugAlgorithms.h */ = {isa = PBXFileReference; lastKnownFileType = sourcecode.c.h; name = ZipperSlugAlgorithms.h; path = algo_Headers/ZipperSlugAlgorithms.h; sourceTree = SOURCE_ROOT; };
		CDC92E341D38056900DA7A4F /* ZSCompare.h */ = {isa = PBXFileReference; lastKnownFileType = sourcecode.c.h; name = ZSCompare.h; path = algo_Headers/ZSCompare.h; sourceTree = SOURCE_ROOT; };
		CDC92E351D38056900DA7A4F /* ZSConversion.h */ = {isa = PBXFileReference; lastKnownFileType = sourcecode.c.h; name = ZSConversion.h; path = algo_Headers/ZSConversion.h; sourceTree = SOURCE_ROOT; };
		CDC92E361D38056900DA7A4F /* ZSEquation.h */ = {isa = PBXFileReference; lastKnownFileType = sourcecode.c.h; name = ZSEquation.h; path = algo_Headers/ZSEquation.h; sourceTree = SOURCE_ROOT; };
		CDC92E371D38056900DA7A4F /* ZSSearch.h */ = {isa = PBXFileReference; lastKnownFileType = sourcecode.c.h; name = ZSSearch.h; path = algo_Headers/ZSSearch.h; sourceTree = SOURCE_ROOT; };
		CDC92E381D38056900DA7A4F /* ZSSort.h */ = {isa = PBXFileReference; lastKnownFileType = sourcecode.c.h; name = ZSSort.h; path = algo_Headers/ZSSort.h; sourceTree = SOURCE_ROOT; };
/* End PBXFileReference section */

/* Begin PBXFrameworksBuildPhase section */
		CDC92DEC1D37E94F00DA7A4F /* Frameworks */ = {
			isa = PBXFrameworksBuildPhase;
			buildActionMask = 2147483647;
			files = (
				CDC92E181D37ECE900DA7A4F /* libZipperSlug.a in Frameworks */,
			);
			runOnlyForDeploymentPostprocessing = 0;
		};
		CDC92E211D37ED2A00DA7A4F /* Frameworks */ = {
			isa = PBXFrameworksBuildPhase;
			buildActionMask = 2147483647;
			files = (
				CDC92E2E1D37F27200DA7A4F /* libZipperSlug.a in Frameworks */,
			);
			runOnlyForDeploymentPostprocessing = 0;
		};
/* End PBXFrameworksBuildPhase section */

/* Begin PBXGroup section */
		CDC92DE61D37E94F00DA7A4F = {
			isa = PBXGroup;
			children = (
				CDC92E171D37ECE900DA7A4F /* libZipperSlug.a */,
				CDC92DF11D37E94F00DA7A4F /* ZSTest */,
				CDC92E251D37ED2A00DA7A4F /* Functional */,
				CDC92DF01D37E94F00DA7A4F /* Products */,
			);
			sourceTree = "<group>";
		};
		CDC92DF01D37E94F00DA7A4F /* Products */ = {
			isa = PBXGroup;
			children = (
				CDC92DEF1D37E94F00DA7A4F /* ZSTest.app */,
				CDC92E241D37ED2A00DA7A4F /* Functional.xctest */,
			);
			name = Products;
			sourceTree = "<group>";
		};
		CDC92DF11D37E94F00DA7A4F /* ZSTest */ = {
			isa = PBXGroup;
			children = (
				CDC92DF51D37E94F00DA7A4F /* AppDelegate.h */,
				CDC92DF61D37E94F00DA7A4F /* AppDelegate.m */,
				CDC92E031D37E94F00DA7A4F /* Info.plist */,
				CDC92E191D37ED0300DA7A4F /* algo_Headers */,
				CDC92DF21D37E94F00DA7A4F /* Supporting Files */,
			);
			path = ZSTest;
			sourceTree = "<group>";
		};
		CDC92DF21D37E94F00DA7A4F /* Supporting Files */ = {
			isa = PBXGroup;
			children = (
				CDC92DF31D37E94F00DA7A4F /* main.m */,
			);
			name = "Supporting Files";
			sourceTree = "<group>";
		};
		CDC92E191D37ED0300DA7A4F /* algo_Headers */ = {
			isa = PBXGroup;
			children = (
				CDC92E331D38056900DA7A4F /* ZipperSlugAlgorithms.h */,
				CDC92E341D38056900DA7A4F /* ZSCompare.h */,
				CDC92E351D38056900DA7A4F /* ZSConversion.h */,
				CDC92E361D38056900DA7A4F /* ZSEquation.h */,
				CDC92E371D38056900DA7A4F /* ZSSearch.h */,
				CDC92E381D38056900DA7A4F /* ZSSort.h */,
			);
			name = algo_Headers;
			sourceTree = "<group>";
		};
		CDC92E251D37ED2A00DA7A4F /* Functional */ = {
			isa = PBXGroup;
			children = (
				CDC92E311D37FD0A00DA7A4F /* Search.m */,
				CDC92E2F1D37FBC800DA7A4F /* Sort.m */,
				CDC92E261D37ED2A00DA7A4F /* Functional.m */,
				CDC92E281D37ED2A00DA7A4F /* Info.plist */,
			);
			path = Functional;
			sourceTree = "<group>";
		};
/* End PBXGroup section */

/* Begin PBXNativeTarget section */
		CDC92DEE1D37E94F00DA7A4F /* ZSTest */ = {
			isa = PBXNativeTarget;
			buildConfigurationList = CDC92E111D37E94F00DA7A4F /* Build configuration list for PBXNativeTarget "ZSTest" */;
			buildPhases = (
				CDC92DEB1D37E94F00DA7A4F /* Sources */,
				CDC92DEC1D37E94F00DA7A4F /* Frameworks */,
				CDC92DED1D37E94F00DA7A4F /* Resources */,
			);
			buildRules = (
			);
			dependencies = (
			);
			name = ZSTest;
			productName = ZSTest;
			productReference = CDC92DEF1D37E94F00DA7A4F /* ZSTest.app */;
			productType = "com.apple.product-type.application";
		};
		CDC92E231D37ED2A00DA7A4F /* Functional */ = {
			isa = PBXNativeTarget;
			buildConfigurationList = CDC92E2B1D37ED2A00DA7A4F /* Build configuration list for PBXNativeTarget "Functional" */;
			buildPhases = (
				CDC92E201D37ED2A00DA7A4F /* Sources */,
				CDC92E211D37ED2A00DA7A4F /* Frameworks */,
				CDC92E221D37ED2A00DA7A4F /* Resources */,
			);
			buildRules = (
			);
			dependencies = (
				CDC92E2A1D37ED2A00DA7A4F /* PBXTargetDependency */,
			);
			name = Functional;
			productName = Functional;
			productReference = CDC92E241D37ED2A00DA7A4F /* Functional.xctest */;
			productType = "com.apple.product-type.bundle.unit-test";
		};
/* End PBXNativeTarget section */

/* Begin PBXProject section */
		CDC92DE71D37E94F00DA7A4F /* Project object */ = {
			isa = PBXProject;
			attributes = {
				LastUpgradeCheck = 0730;
				ORGANIZATIONNAME = "Zachary Stegall";
				TargetAttributes = {
					CDC92DEE1D37E94F00DA7A4F = {
						CreatedOnToolsVersion = 7.3.1;
					};
					CDC92E231D37ED2A00DA7A4F = {
						CreatedOnToolsVersion = 7.3.1;
						TestTargetID = CDC92DEE1D37E94F00DA7A4F;
					};
				};
			};
			buildConfigurationList = CDC92DEA1D37E94F00DA7A4F /* Build configuration list for PBXProject "ZSTest" */;
			compatibilityVersion = "Xcode 3.2";
			developmentRegion = English;
			hasScannedForEncodings = 0;
			knownRegions = (
				en,
				Base,
			);
			mainGroup = CDC92DE61D37E94F00DA7A4F;
			productRefGroup = CDC92DF01D37E94F00DA7A4F /* Products */;
			projectDirPath = "";
			projectRoot = "";
			targets = (
				CDC92DEE1D37E94F00DA7A4F /* ZSTest */,
				CDC92E231D37ED2A00DA7A4F /* Functional */,
			);
		};
/* End PBXProject section */

/* Begin PBXResourcesBuildPhase section */
		CDC92DED1D37E94F00DA7A4F /* Resources */ = {
			isa = PBXResourcesBuildPhase;
			buildActionMask = 2147483647;
			files = (
			);
			runOnlyForDeploymentPostprocessing = 0;
		};
		CDC92E221D37ED2A00DA7A4F /* Resources */ = {
			isa = PBXResourcesBuildPhase;
			buildActionMask = 2147483647;
			files = (
			);
			runOnlyForDeploymentPostprocessing = 0;
		};
/* End PBXResourcesBuildPhase section */

/* Begin PBXSourcesBuildPhase section */
		CDC92DEB1D37E94F00DA7A4F /* Sources */ = {
			isa = PBXSourcesBuildPhase;
			buildActionMask = 2147483647;
			files = (
				CDC92DF71D37E94F00DA7A4F /* AppDelegate.m in Sources */,
				CDC92DF41D37E94F00DA7A4F /* main.m in Sources */,
			);
			runOnlyForDeploymentPostprocessing = 0;
		};
		CDC92E201D37ED2A00DA7A4F /* Sources */ = {
			isa = PBXSourcesBuildPhase;
			buildActionMask = 2147483647;
			files = (
				CDC92E321D37FD0A00DA7A4F /* Search.m in Sources */,
				CDC92E271D37ED2A00DA7A4F /* Functional.m in Sources */,
				CDC92E301D37FBC800DA7A4F /* Sort.m in Sources */,
			);
			runOnlyForDeploymentPostprocessing = 0;
		};
/* End PBXSourcesBuildPhase section */

/* Begin PBXTargetDependency section */
		CDC92E2A1D37ED2A00DA7A4F /* PBXTargetDependency */ = {
			isa = PBXTargetDependency;
			target = CDC92DEE1D37E94F00DA7A4F /* ZSTest */;
			targetProxy = CDC92E291D37ED2A00DA7A4F /* PBXContainerItemProxy */;
		};
/* End PBXTargetDependency section */

/* Begin XCBuildConfiguration section */
		CDC92E0F1D37E94F00DA7A4F /* Debug */ = {
			isa = XCBuildConfiguration;
			buildSettings = {
				ALWAYS_SEARCH_USER_PATHS = NO;
				CLANG_ANALYZER_NONNULL = YES;
				CLANG_CXX_LANGUAGE_STANDARD = "gnu++0x";
				CLANG_CXX_LIBRARY = "libc++";
				CLANG_ENABLE_MODULES = YES;
				CLANG_ENABLE_OBJC_ARC = YES;
				CLANG_WARN_BOOL_CONVERSION = YES;
				CLANG_WARN_CONSTANT_CONVERSION = YES;
				CLANG_WARN_DIRECT_OBJC_ISA_USAGE = YES_ERROR;
				CLANG_WARN_EMPTY_BODY = YES;
				CLANG_WARN_ENUM_CONVERSION = YES;
				CLANG_WARN_INT_CONVERSION = YES;
				CLANG_WARN_OBJC_ROOT_CLASS = YES_ERROR;
				CLANG_WARN_UNREACHABLE_CODE = YES;
				CLANG_WARN__DUPLICATE_METHOD_MATCH = YES;
				"CODE_SIGN_IDENTITY[sdk=iphoneos*]" = "iPhone Developer";
				COPY_PHASE_STRIP = NO;
				DEBUG_INFORMATION_FORMAT = dwarf;
				ENABLE_STRICT_OBJC_MSGSEND = YES;
				ENABLE_TESTABILITY = YES;
				GCC_C_LANGUAGE_STANDARD = gnu99;
				GCC_DYNAMIC_NO_PIC = NO;
				GCC_NO_COMMON_BLOCKS = YES;
				GCC_OPTIMIZATION_LEVEL = 0;
				GCC_PREPROCESSOR_DEFINITIONS = (
					"DEBUG=1",
					"$(inherited)",
				);
				GCC_WARN_64_TO_32_BIT_CONVERSION = YES;
				GCC_WARN_ABOUT_RETURN_TYPE = YES_ERROR;
				GCC_WARN_UNDECLARED_SELECTOR = YES;
				GCC_WARN_UNINITIALIZED_AUTOS = YES_AGGRESSIVE;
				GCC_WARN_UNUSED_FUNCTION = YES;
				GCC_WARN_UNUSED_VARIABLE = YES;
				IPHONEOS_DEPLOYMENT_TARGET = 9.3;
				MTL_ENABLE_DEBUG_INFO = YES;
				ONLY_ACTIVE_ARCH = YES;
				SDKROOT = iphoneos;
				TARGETED_DEVICE_FAMILY = "1,2";
			};
			name = Debug;
		};
		CDC92E101D37E94F00DA7A4F /* Release */ = {
			isa = XCBuildConfiguration;
			buildSettings = {
				ALWAYS_SEARCH_USER_PATHS = NO;
				CLANG_ANALYZER_NONNULL = YES;
				CLANG_CXX_LANGUAGE_STANDARD = "gnu++0x";
				CLANG_CXX_LIBRARY = "libc++";
				CLANG_ENABLE_MODULES = YES;
				CLANG_ENABLE_OBJC_ARC = YES;
				CLANG_WARN_BOOL_CONVERSION = YES;
				CLANG_WARN_CONSTANT_CONVERSION = YES;
				CLANG_WARN_DIRECT_OBJC_ISA_USAGE = YES_ERROR;
				CLANG_WARN_EMPTY_BODY = YES;
				CLANG_WARN_ENUM_CONVERSION = YES;
				CLANG_WARN_INT_CONVERSION = YES;
				CLANG_WARN_OBJC_ROOT_CLASS = YES_ERROR;
				CLANG_WARN_UNREACHABLE_CODE = YES;
				CLANG_WARN__DUPLICATE_METHOD_MATCH = YES;
				"CODE_SIGN_IDENTITY[sdk=iphoneos*]" = "iPhone Developer";
				COPY_PHASE_STRIP = NO;
				DEBUG_INFORMATION_FORMAT = "dwarf-with-dsym";
				ENABLE_NS_ASSERTIONS = NO;
				ENABLE_STRICT_OBJC_MSGSEND = YES;
				GCC_C_LANGUAGE_STANDARD = gnu99;
				GCC_NO_COMMON_BLOCKS = YES;
				GCC_WARN_64_TO_32_BIT_CONVERSION = YES;
				GCC_WARN_ABOUT_RETURN_TYPE = YES_ERROR;
				GCC_WARN_UNDECLARED_SELECTOR = YES;
				GCC_WARN_UNINITIALIZED_AUTOS = YES_AGGRESSIVE;
				GCC_WARN_UNUSED_FUNCTION = YES;
				GCC_WARN_UNUSED_VARIABLE = YES;
				IPHONEOS_DEPLOYMENT_TARGET = 9.3;
				MTL_ENABLE_DEBUG_INFO = NO;
				SDKROOT = iphoneos;
				TARGETED_DEVICE_FAMILY = "1,2";
				VALIDATE_PRODUCT = YES;
			};
			name = Release;
		};
		CDC92E121D37E94F00DA7A4F /* Debug */ = {
			isa = XCBuildConfiguration;
			buildSettings = {
				INFOPLIST_FILE = ZSTest/Info.plist;
				LD_RUNPATH_SEARCH_PATHS = "$(inherited) @executable_path/Frameworks";
				LIBRARY_SEARCH_PATHS = (
					"$(inherited)",
					"$(PROJECT_DIR)",
				);
				PRODUCT_BUNDLE_IDENTIFIER = com.zacharystegall.ZSTest;
				PRODUCT_NAME = "$(TARGET_NAME)";
			};
			name = Debug;
		};
		CDC92E131D37E94F00DA7A4F /* Release */ = {
			isa = XCBuildConfiguration;
			buildSettings = {
				INFOPLIST_FILE = ZSTest/Info.plist;
				LD_RUNPATH_SEARCH_PATHS = "$(inherited) @executable_path/Frameworks";
				LIBRARY_SEARCH_PATHS = (
					"$(inherited)",
					"$(PROJECT_DIR)",
				);
				PRODUCT_BUNDLE_IDENTIFIER = com.zacharystegall.ZSTest;
				PRODUCT_NAME = "$(TARGET_NAME)";
			};
			name = Release;
		};
		CDC92E2C1D37ED2A00DA7A4F /* Debug */ = {
			isa = XCBuildConfiguration;
			buildSettings = {
				BUNDLE_LOADER = "$(TEST_HOST)";
				INFOPLIST_FILE = Functional/Info.plist;
				LD_RUNPATH_SEARCH_PATHS = "$(inherited) @executable_path/Frameworks @loader_path/Frameworks";
				LIBRARY_SEARCH_PATHS = (
					"$(inherited)",
					"$(PROJECT_DIR)",
				);
				PRODUCT_BUNDLE_IDENTIFIER = com.zacharystegall.Functional;
				PRODUCT_NAME = "$(TARGET_NAME)";
				TEST_HOST = "$(BUILT_PRODUCTS_DIR)/ZSTest.app/ZSTest";
			};
			name = Debug;
		};
		CDC92E2D1D37ED2A00DA7A4F /* Release */ = {
			isa = XCBuildConfiguration;
			buildSettings = {
				BUNDLE_LOADER = "$(TEST_HOST)";
				INFOPLIST_FILE = Functional/Info.plist;
				LD_RUNPATH_SEARCH_PATHS = "$(inherited) @executable_path/Frameworks @loader_path/Frameworks";
				LIBRARY_SEARCH_PATHS = (
					"$(inherited)",
					"$(PROJECT_DIR)",
				);
				PRODUCT_BUNDLE_IDENTIFIER = com.zacharystegall.Functional;
				PRODUCT_NAME = "$(TARGET_NAME)";
				TEST_HOST = "$(BUILT_PRODUCTS_DIR)/ZSTest.app/ZSTest";
			};
			name = Release;
		};
/* End XCBuildConfiguration section */

/* Begin XCConfigurationList section */
		CDC92DEA1D37E94F00DA7A4F /* Build configuration list for PBXProject "ZSTest" */ = {
			isa = XCConfigurationList;
			buildConfigurations = (
				CDC92E0F1D37E94F00DA7A4F /* Debug */,
				CDC92E101D37E94F00DA7A4F /* Release */,
			);
			defaultConfigurationIsVisible = 0;
			defaultConfigurationName = Release;
		};
		CDC92E111D37E94F00DA7A4F /* Build configuration list for PBXNativeTarget "ZSTest" */ = {
			isa = XCConfigurationList;
			buildConfigurations = (
				CDC92E121D37E94F00DA7A4F /* Debug */,
				CDC92E131D37E94F00DA7A4F /* Release */,
			);
			defaultConfigurationIsVisible = 0;
			defaultConfigurationName = Release;
		};
		CDC92E2B1D37ED2A00DA7A4F /* Build configuration list for PBXNativeTarget "Functional" */ = {
			isa = XCConfigurationList;
			buildConfigurations = (
				CDC92E2C1D37ED2A00DA7A4F /* Debug */,
				CDC92E2D1D37ED2A00DA7A4F /* Release */,
			);
			defaultConfigurationIsVisible = 0;
			defaultConfigurationName = Release;
		};
/* End XCConfigurationList section */
	};
	rootObject = CDC92DE71D37E94F00DA7A4F /* Project object */;
}
