// !$*UTF8*$!
{
	archiveVersion = 1;
	classes = {
	};
	objectVersion = 46;
	objects = {

/* Begin PBXBuildFile section */
		CD027AA81D4053EF0095D614 /* NSString+ZSString.m in Sources */ = {isa = PBXBuildFile; fileRef = CD027AA71D4053EF0095D614 /* NSString+ZSString.m */; };
		CD027ABB1D43E5DF0095D614 /* ZSBTreeNode.m in Sources */ = {isa = PBXBuildFile; fileRef = CD027ABA1D43E5DF0095D614 /* ZSBTreeNode.m */; };
		CD027ABE1D43E6030095D614 /* ZSBTree.m in Sources */ = {isa = PBXBuildFile; fileRef = CD027ABD1D43E6030095D614 /* ZSBTree.m */; };
		CD0C09801D184AA000E78C39 /* ZSLinkedList.m in Sources */ = {isa = PBXBuildFile; fileRef = CD0C097D1D184AA000E78C39 /* ZSLinkedList.m */; };
		CD0C09841D184AAD00E78C39 /* ZSStack.m in Sources */ = {isa = PBXBuildFile; fileRef = CD0C09831D184AAD00E78C39 /* ZSStack.m */; };
		CD0C09871D184C9400E78C39 /* ZSStackArray.m in Sources */ = {isa = PBXBuildFile; fileRef = CD0C09861D184C9400E78C39 /* ZSStackArray.m */; };
		CD0C098A1D184CA100E78C39 /* ZSStackLinkedList.m in Sources */ = {isa = PBXBuildFile; fileRef = CD0C09891D184CA100E78C39 /* ZSStackLinkedList.m */; };
		CDD62AD31D360EB100DFE5FA /* ZSGraph.m in Sources */ = {isa = PBXBuildFile; fileRef = CDD62AD21D360EB100DFE5FA /* ZSGraph.m */; };
		CDD62AD61D360F0B00DFE5FA /* ZSGraphList.m in Sources */ = {isa = PBXBuildFile; fileRef = CDD62AD51D360F0B00DFE5FA /* ZSGraphList.m */; };
		CDD62AD91D360F1500DFE5FA /* ZSGraphMatrix.m in Sources */ = {isa = PBXBuildFile; fileRef = CDD62AD81D360F1500DFE5FA /* ZSGraphMatrix.m */; };
		CDE3F0F01D3770EA008E7EA5 /* ZSCompare.m in Sources */ = {isa = PBXBuildFile; fileRef = CDE3F0E71D3770EA008E7EA5 /* ZSCompare.m */; };
		CDE3F0F11D3770EA008E7EA5 /* ZSConversion.m in Sources */ = {isa = PBXBuildFile; fileRef = CDE3F0E91D3770EA008E7EA5 /* ZSConversion.m */; };
		CDE3F0F21D3770EA008E7EA5 /* ZSEquation.m in Sources */ = {isa = PBXBuildFile; fileRef = CDE3F0EB1D3770EA008E7EA5 /* ZSEquation.m */; };
		CDE3F0F31D3770EA008E7EA5 /* ZSSearch.m in Sources */ = {isa = PBXBuildFile; fileRef = CDE3F0ED1D3770EA008E7EA5 /* ZSSearch.m */; };
		CDE3F0F41D3770EA008E7EA5 /* ZSSort.m in Sources */ = {isa = PBXBuildFile; fileRef = CDE3F0EF1D3770EA008E7EA5 /* ZSSort.m */; };
		CDE3F0FC1D377110008E7EA5 /* ZSCombination.m in Sources */ = {isa = PBXBuildFile; fileRef = CDE3F0F71D377110008E7EA5 /* ZSCombination.m */; };
		CDE3F0FD1D377110008E7EA5 /* ZSPermutation.m in Sources */ = {isa = PBXBuildFile; fileRef = CDE3F0F91D377110008E7EA5 /* ZSPermutation.m */; };
		CDE3F0FE1D377110008E7EA5 /* ZSProblem.m in Sources */ = {isa = PBXBuildFile; fileRef = CDE3F0FB1D377110008E7EA5 /* ZSProblem.m */; };
		CDFD81A81D220BAE00176B9F /* ZSTree.m in Sources */ = {isa = PBXBuildFile; fileRef = CDFD81A71D220BAE00176B9F /* ZSTree.m */; };
		CDFD81AB1D220C7D00176B9F /* ZSTreeNode.m in Sources */ = {isa = PBXBuildFile; fileRef = CDFD81AA1D220C7D00176B9F /* ZSTreeNode.m */; };
		CDFD81AE1D220D2A00176B9F /* ZSPairTreeNode.m in Sources */ = {isa = PBXBuildFile; fileRef = CDFD81AD1D220D2A00176B9F /* ZSPairTreeNode.m */; };
		CDFD81B11D220DA700176B9F /* ZSLLNode.m in Sources */ = {isa = PBXBuildFile; fileRef = CDFD81B01D220DA700176B9F /* ZSLLNode.m */; };
/* End PBXBuildFile section */

/* Begin PBXCopyFilesBuildPhase section */
		CD0C092B1D09CE0A00E78C39 /* CopyFiles */ = {
			isa = PBXCopyFilesBuildPhase;
			buildActionMask = 2147483647;
			dstPath = "include/$(PRODUCT_NAME)";
			dstSubfolderSpec = 16;
			files = (
			);
			runOnlyForDeploymentPostprocessing = 0;
		};
/* End PBXCopyFilesBuildPhase section */

/* Begin PBXFileReference section */
		CD027AA61D4053EF0095D614 /* NSString+ZSString.h */ = {isa = PBXFileReference; fileEncoding = 4; lastKnownFileType = sourcecode.c.h; name = "NSString+ZSString.h"; path = "Categories/NSString+ZSString.h"; sourceTree = "<group>"; };
		CD027AA71D4053EF0095D614 /* NSString+ZSString.m */ = {isa = PBXFileReference; fileEncoding = 4; lastKnownFileType = sourcecode.c.objc; name = "NSString+ZSString.m"; path = "Categories/NSString+ZSString.m"; sourceTree = "<group>"; };
		CD027AA91D40B3400095D614 /* ZipperSlugProblems.h */ = {isa = PBXFileReference; lastKnownFileType = sourcecode.c.h; path = ZipperSlugProblems.h; sourceTree = "<group>"; };
		CD027AB91D43E5DF0095D614 /* ZSBTreeNode.h */ = {isa = PBXFileReference; fileEncoding = 4; lastKnownFileType = sourcecode.c.h; name = ZSBTreeNode.h; path = "DataStructures/Tree/B-Tree/ZSBTreeNode.h"; sourceTree = "<group>"; };
		CD027ABA1D43E5DF0095D614 /* ZSBTreeNode.m */ = {isa = PBXFileReference; fileEncoding = 4; lastKnownFileType = sourcecode.c.objc; name = ZSBTreeNode.m; path = "DataStructures/Tree/B-Tree/ZSBTreeNode.m"; sourceTree = "<group>"; };
		CD027ABC1D43E6030095D614 /* ZSBTree.h */ = {isa = PBXFileReference; fileEncoding = 4; lastKnownFileType = sourcecode.c.h; name = ZSBTree.h; path = "DataStructures/Tree/B-Tree/ZSBTree.h"; sourceTree = "<group>"; };
		CD027ABD1D43E6030095D614 /* ZSBTree.m */ = {isa = PBXFileReference; fileEncoding = 4; lastKnownFileType = sourcecode.c.objc; name = ZSBTree.m; path = "DataStructures/Tree/B-Tree/ZSBTree.m"; sourceTree = "<group>"; };
		CD027ABF1D467B220095D614 /* ZipperSlugBTree.h */ = {isa = PBXFileReference; lastKnownFileType = sourcecode.c.h; path = ZipperSlugBTree.h; sourceTree = "<group>"; };
		CD0C092D1D09CE0A00E78C39 /* libZipperSlug.a */ = {isa = PBXFileReference; explicitFileType = archive.ar; includeInIndex = 0; path = libZipperSlug.a; sourceTree = BUILT_PRODUCTS_DIR; };
		CD0C097C1D184AA000E78C39 /* ZSLinkedList.h */ = {isa = PBXFileReference; fileEncoding = 4; lastKnownFileType = sourcecode.c.h; name = ZSLinkedList.h; path = DataStructures/LinkedList/ZSLinkedList.h; sourceTree = "<group>"; };
		CD0C097D1D184AA000E78C39 /* ZSLinkedList.m */ = {isa = PBXFileReference; fileEncoding = 4; lastKnownFileType = sourcecode.c.objc; name = ZSLinkedList.m; path = DataStructures/LinkedList/ZSLinkedList.m; sourceTree = "<group>"; };
		CD0C09821D184AAD00E78C39 /* ZSStack.h */ = {isa = PBXFileReference; fileEncoding = 4; lastKnownFileType = sourcecode.c.h; name = ZSStack.h; path = DataStructures/Stack/ZSStack.h; sourceTree = "<group>"; };
		CD0C09831D184AAD00E78C39 /* ZSStack.m */ = {isa = PBXFileReference; fileEncoding = 4; lastKnownFileType = sourcecode.c.objc; name = ZSStack.m; path = DataStructures/Stack/ZSStack.m; sourceTree = "<group>"; };
		CD0C09851D184C9400E78C39 /* ZSStackArray.h */ = {isa = PBXFileReference; fileEncoding = 4; lastKnownFileType = sourcecode.c.h; name = ZSStackArray.h; path = DataStructures/Stack/ZSStackArray.h; sourceTree = "<group>"; };
		CD0C09861D184C9400E78C39 /* ZSStackArray.m */ = {isa = PBXFileReference; fileEncoding = 4; lastKnownFileType = sourcecode.c.objc; name = ZSStackArray.m; path = DataStructures/Stack/ZSStackArray.m; sourceTree = "<group>"; };
		CD0C09881D184CA100E78C39 /* ZSStackLinkedList.h */ = {isa = PBXFileReference; fileEncoding = 4; lastKnownFileType = sourcecode.c.h; name = ZSStackLinkedList.h; path = DataStructures/Stack/ZSStackLinkedList.h; sourceTree = "<group>"; };
		CD0C09891D184CA100E78C39 /* ZSStackLinkedList.m */ = {isa = PBXFileReference; fileEncoding = 4; lastKnownFileType = sourcecode.c.objc; name = ZSStackLinkedList.m; path = DataStructures/Stack/ZSStackLinkedList.m; sourceTree = "<group>"; };
		CD0C098B1D18549000E78C39 /* ZSDataStructures.h */ = {isa = PBXFileReference; lastKnownFileType = sourcecode.c.h; name = ZSDataStructures.h; path = DataStructures/ZSDataStructures.h; sourceTree = "<group>"; };
		CDD62AD11D360EB100DFE5FA /* ZSGraph.h */ = {isa = PBXFileReference; fileEncoding = 4; lastKnownFileType = sourcecode.c.h; name = ZSGraph.h; path = DataStructures/Graph/ZSGraph.h; sourceTree = "<group>"; };
		CDD62AD21D360EB100DFE5FA /* ZSGraph.m */ = {isa = PBXFileReference; fileEncoding = 4; lastKnownFileType = sourcecode.c.objc; name = ZSGraph.m; path = DataStructures/Graph/ZSGraph.m; sourceTree = "<group>"; };
		CDD62AD41D360F0B00DFE5FA /* ZSGraphList.h */ = {isa = PBXFileReference; fileEncoding = 4; lastKnownFileType = sourcecode.c.h; name = ZSGraphList.h; path = DataStructures/Graph/ZSGraphList.h; sourceTree = "<group>"; };
		CDD62AD51D360F0B00DFE5FA /* ZSGraphList.m */ = {isa = PBXFileReference; fileEncoding = 4; lastKnownFileType = sourcecode.c.objc; name = ZSGraphList.m; path = DataStructures/Graph/ZSGraphList.m; sourceTree = "<group>"; };
		CDD62AD71D360F1500DFE5FA /* ZSGraphMatrix.h */ = {isa = PBXFileReference; fileEncoding = 4; lastKnownFileType = sourcecode.c.h; name = ZSGraphMatrix.h; path = DataStructures/Graph/ZSGraphMatrix.h; sourceTree = "<group>"; };
		CDD62AD81D360F1500DFE5FA /* ZSGraphMatrix.m */ = {isa = PBXFileReference; fileEncoding = 4; lastKnownFileType = sourcecode.c.objc; name = ZSGraphMatrix.m; path = DataStructures/Graph/ZSGraphMatrix.m; sourceTree = "<group>"; };
		CDD62AE01D361C4500DFE5FA /* ZSGraphOperations.h */ = {isa = PBXFileReference; lastKnownFileType = sourcecode.c.h; name = ZSGraphOperations.h; path = DataStructures/Graph/ZSGraphOperations.h; sourceTree = "<group>"; };
		CDE3F0E61D3770EA008E7EA5 /* ZSCompare.h */ = {isa = PBXFileReference; fileEncoding = 4; lastKnownFileType = sourcecode.c.h; name = ZSCompare.h; path = Algorithms/ZSCompare.h; sourceTree = "<group>"; };
		CDE3F0E71D3770EA008E7EA5 /* ZSCompare.m */ = {isa = PBXFileReference; fileEncoding = 4; lastKnownFileType = sourcecode.c.objc; name = ZSCompare.m; path = Algorithms/ZSCompare.m; sourceTree = "<group>"; };
		CDE3F0E81D3770EA008E7EA5 /* ZSConversion.h */ = {isa = PBXFileReference; fileEncoding = 4; lastKnownFileType = sourcecode.c.h; name = ZSConversion.h; path = Algorithms/ZSConversion.h; sourceTree = "<group>"; };
		CDE3F0E91D3770EA008E7EA5 /* ZSConversion.m */ = {isa = PBXFileReference; fileEncoding = 4; lastKnownFileType = sourcecode.c.objc; name = ZSConversion.m; path = Algorithms/ZSConversion.m; sourceTree = "<group>"; };
		CDE3F0EA1D3770EA008E7EA5 /* ZSEquation.h */ = {isa = PBXFileReference; fileEncoding = 4; lastKnownFileType = sourcecode.c.h; name = ZSEquation.h; path = Algorithms/ZSEquation.h; sourceTree = "<group>"; };
		CDE3F0EB1D3770EA008E7EA5 /* ZSEquation.m */ = {isa = PBXFileReference; fileEncoding = 4; lastKnownFileType = sourcecode.c.objc; name = ZSEquation.m; path = Algorithms/ZSEquation.m; sourceTree = "<group>"; };
		CDE3F0EC1D3770EA008E7EA5 /* ZSSearch.h */ = {isa = PBXFileReference; fileEncoding = 4; lastKnownFileType = sourcecode.c.h; name = ZSSearch.h; path = Algorithms/ZSSearch.h; sourceTree = "<group>"; };
		CDE3F0ED1D3770EA008E7EA5 /* ZSSearch.m */ = {isa = PBXFileReference; fileEncoding = 4; lastKnownFileType = sourcecode.c.objc; name = ZSSearch.m; path = Algorithms/ZSSearch.m; sourceTree = "<group>"; };
		CDE3F0EE1D3770EA008E7EA5 /* ZSSort.h */ = {isa = PBXFileReference; fileEncoding = 4; lastKnownFileType = sourcecode.c.h; name = ZSSort.h; path = Algorithms/ZSSort.h; sourceTree = "<group>"; };
		CDE3F0EF1D3770EA008E7EA5 /* ZSSort.m */ = {isa = PBXFileReference; fileEncoding = 4; lastKnownFileType = sourcecode.c.objc; name = ZSSort.m; path = Algorithms/ZSSort.m; sourceTree = "<group>"; };
		CDE3F0F61D377110008E7EA5 /* ZSCombination.h */ = {isa = PBXFileReference; fileEncoding = 4; lastKnownFileType = sourcecode.c.h; name = ZSCombination.h; path = Problems/ZSCombination.h; sourceTree = "<group>"; };
		CDE3F0F71D377110008E7EA5 /* ZSCombination.m */ = {isa = PBXFileReference; fileEncoding = 4; lastKnownFileType = sourcecode.c.objc; name = ZSCombination.m; path = Problems/ZSCombination.m; sourceTree = "<group>"; };
		CDE3F0F81D377110008E7EA5 /* ZSPermutation.h */ = {isa = PBXFileReference; fileEncoding = 4; lastKnownFileType = sourcecode.c.h; name = ZSPermutation.h; path = Problems/ZSPermutation.h; sourceTree = "<group>"; };
		CDE3F0F91D377110008E7EA5 /* ZSPermutation.m */ = {isa = PBXFileReference; fileEncoding = 4; lastKnownFileType = sourcecode.c.objc; name = ZSPermutation.m; path = Problems/ZSPermutation.m; sourceTree = "<group>"; };
		CDE3F0FA1D377110008E7EA5 /* ZSProblem.h */ = {isa = PBXFileReference; fileEncoding = 4; lastKnownFileType = sourcecode.c.h; name = ZSProblem.h; path = Problems/ZSProblem.h; sourceTree = "<group>"; };
		CDE3F0FB1D377110008E7EA5 /* ZSProblem.m */ = {isa = PBXFileReference; fileEncoding = 4; lastKnownFileType = sourcecode.c.objc; name = ZSProblem.m; path = Problems/ZSProblem.m; sourceTree = "<group>"; };
		CDE3F0FF1D37713C008E7EA5 /* ZipperSlugAlgorithms.h */ = {isa = PBXFileReference; lastKnownFileType = sourcecode.c.h; path = ZipperSlugAlgorithms.h; sourceTree = "<group>"; };
		CDFD81A61D220BAE00176B9F /* ZSTree.h */ = {isa = PBXFileReference; fileEncoding = 4; lastKnownFileType = sourcecode.c.h; name = ZSTree.h; path = DataStructures/Tree/ZSTree.h; sourceTree = "<group>"; };
		CDFD81A71D220BAE00176B9F /* ZSTree.m */ = {isa = PBXFileReference; fileEncoding = 4; lastKnownFileType = sourcecode.c.objc; name = ZSTree.m; path = DataStructures/Tree/ZSTree.m; sourceTree = "<group>"; };
		CDFD81A91D220C7D00176B9F /* ZSTreeNode.h */ = {isa = PBXFileReference; fileEncoding = 4; lastKnownFileType = sourcecode.c.h; name = ZSTreeNode.h; path = DataStructures/Tree/ZSTreeNode.h; sourceTree = "<group>"; };
		CDFD81AA1D220C7D00176B9F /* ZSTreeNode.m */ = {isa = PBXFileReference; fileEncoding = 4; lastKnownFileType = sourcecode.c.objc; name = ZSTreeNode.m; path = DataStructures/Tree/ZSTreeNode.m; sourceTree = "<group>"; };
		CDFD81AC1D220D2A00176B9F /* ZSPairTreeNode.h */ = {isa = PBXFileReference; fileEncoding = 4; lastKnownFileType = sourcecode.c.h; name = ZSPairTreeNode.h; path = DataStructures/Tree/ZSPairTreeNode.h; sourceTree = "<group>"; };
		CDFD81AD1D220D2A00176B9F /* ZSPairTreeNode.m */ = {isa = PBXFileReference; fileEncoding = 4; lastKnownFileType = sourcecode.c.objc; name = ZSPairTreeNode.m; path = DataStructures/Tree/ZSPairTreeNode.m; sourceTree = "<group>"; };
		CDFD81AF1D220DA700176B9F /* ZSLLNode.h */ = {isa = PBXFileReference; fileEncoding = 4; lastKnownFileType = sourcecode.c.h; name = ZSLLNode.h; path = DataStructures/LinkedList/ZSLLNode.h; sourceTree = "<group>"; };
		CDFD81B01D220DA700176B9F /* ZSLLNode.m */ = {isa = PBXFileReference; fileEncoding = 4; lastKnownFileType = sourcecode.c.objc; name = ZSLLNode.m; path = DataStructures/LinkedList/ZSLLNode.m; sourceTree = "<group>"; };
		CDFD81B21D220DF500176B9F /* ZSNode.h */ = {isa = PBXFileReference; lastKnownFileType = sourcecode.c.h; name = ZSNode.h; path = DataStructures/ZSNode.h; sourceTree = "<group>"; };
/* End PBXFileReference section */

/* Begin PBXFrameworksBuildPhase section */
		CD0C092A1D09CE0A00E78C39 /* Frameworks */ = {
			isa = PBXFrameworksBuildPhase;
			buildActionMask = 2147483647;
			files = (
			);
			runOnlyForDeploymentPostprocessing = 0;
		};
/* End PBXFrameworksBuildPhase section */

/* Begin PBXGroup section */
		CD027AA21D4053970095D614 /* Categories */ = {
			isa = PBXGroup;
			children = (
				CD027AA61D4053EF0095D614 /* NSString+ZSString.h */,
				CD027AA71D4053EF0095D614 /* NSString+ZSString.m */,
			);
			name = Categories;
			sourceTree = "<group>";
		};
		CD027AB81D43E5C20095D614 /* B-Tree */ = {
			isa = PBXGroup;
			children = (
				CD027ABC1D43E6030095D614 /* ZSBTree.h */,
				CD027ABD1D43E6030095D614 /* ZSBTree.m */,
				CD027AB91D43E5DF0095D614 /* ZSBTreeNode.h */,
				CD027ABA1D43E5DF0095D614 /* ZSBTreeNode.m */,
			);
			name = "B-Tree";
			sourceTree = "<group>";
		};
		CD0C09241D09CE0A00E78C39 = {
			isa = PBXGroup;
			children = (
				CD0C092F1D09CE0A00E78C39 /* ZipperSlug */,
				CD0C092E1D09CE0A00E78C39 /* Products */,
			);
			sourceTree = "<group>";
		};
		CD0C092E1D09CE0A00E78C39 /* Products */ = {
			isa = PBXGroup;
			children = (
				CD0C092D1D09CE0A00E78C39 /* libZipperSlug.a */,
			);
			name = Products;
			sourceTree = "<group>";
		};
		CD0C092F1D09CE0A00E78C39 /* ZipperSlug */ = {
			isa = PBXGroup;
			children = (
				CDE3F0FF1D37713C008E7EA5 /* ZipperSlugAlgorithms.h */,
				CD027AA91D40B3400095D614 /* ZipperSlugProblems.h */,
				CD027ABF1D467B220095D614 /* ZipperSlugBTree.h */,
				CD027AA21D4053970095D614 /* Categories */,
				CDE3F0F51D3770F6008E7EA5 /* Problems */,
				CD0C093A1D09D1DB00E78C39 /* Algorithms */,
				CD0C097B1D184A7600E78C39 /* DataStructures */,
			);
			path = ZipperSlug;
			sourceTree = "<group>";
		};
		CD0C093A1D09D1DB00E78C39 /* Algorithms */ = {
			isa = PBXGroup;
			children = (
				CDE3F0E61D3770EA008E7EA5 /* ZSCompare.h */,
				CDE3F0E71D3770EA008E7EA5 /* ZSCompare.m */,
				CDE3F0E81D3770EA008E7EA5 /* ZSConversion.h */,
				CDE3F0E91D3770EA008E7EA5 /* ZSConversion.m */,
				CDE3F0EA1D3770EA008E7EA5 /* ZSEquation.h */,
				CDE3F0EB1D3770EA008E7EA5 /* ZSEquation.m */,
				CDE3F0EC1D3770EA008E7EA5 /* ZSSearch.h */,
				CDE3F0ED1D3770EA008E7EA5 /* ZSSearch.m */,
				CDE3F0EE1D3770EA008E7EA5 /* ZSSort.h */,
				CDE3F0EF1D3770EA008E7EA5 /* ZSSort.m */,
			);
			name = Algorithms;
			sourceTree = "<group>";
		};
		CD0C096B1D17AE5800E78C39 /* LinkedList */ = {
			isa = PBXGroup;
			children = (
				CD0C097C1D184AA000E78C39 /* ZSLinkedList.h */,
				CD0C097D1D184AA000E78C39 /* ZSLinkedList.m */,
				CDFD81AF1D220DA700176B9F /* ZSLLNode.h */,
				CDFD81B01D220DA700176B9F /* ZSLLNode.m */,
			);
			name = LinkedList;
			sourceTree = "<group>";
		};
		CD0C09771D17D07900E78C39 /* Stack */ = {
			isa = PBXGroup;
			children = (
				CD0C09821D184AAD00E78C39 /* ZSStack.h */,
				CD0C09831D184AAD00E78C39 /* ZSStack.m */,
				CD0C09851D184C9400E78C39 /* ZSStackArray.h */,
				CD0C09861D184C9400E78C39 /* ZSStackArray.m */,
				CD0C09881D184CA100E78C39 /* ZSStackLinkedList.h */,
				CD0C09891D184CA100E78C39 /* ZSStackLinkedList.m */,
			);
			name = Stack;
			sourceTree = "<group>";
		};
		CD0C097B1D184A7600E78C39 /* DataStructures */ = {
			isa = PBXGroup;
			children = (
				CD0C098B1D18549000E78C39 /* ZSDataStructures.h */,
				CDFD81B21D220DF500176B9F /* ZSNode.h */,
				CDD62AD01D360E8500DFE5FA /* Graph */,
				CD0C096B1D17AE5800E78C39 /* LinkedList */,
				CD0C09771D17D07900E78C39 /* Stack */,
				CDFD81A21D220B7F00176B9F /* Tree */,
			);
			name = DataStructures;
			sourceTree = "<group>";
		};
		CDD62AD01D360E8500DFE5FA /* Graph */ = {
			isa = PBXGroup;
			children = (
				CDD62AE01D361C4500DFE5FA /* ZSGraphOperations.h */,
				CDD62AD11D360EB100DFE5FA /* ZSGraph.h */,
				CDD62AD21D360EB100DFE5FA /* ZSGraph.m */,
				CDD62AD41D360F0B00DFE5FA /* ZSGraphList.h */,
				CDD62AD51D360F0B00DFE5FA /* ZSGraphList.m */,
				CDD62AD71D360F1500DFE5FA /* ZSGraphMatrix.h */,
				CDD62AD81D360F1500DFE5FA /* ZSGraphMatrix.m */,
			);
			name = Graph;
			sourceTree = "<group>";
		};
		CDE3F0F51D3770F6008E7EA5 /* Problems */ = {
			isa = PBXGroup;
			children = (
				CDE3F0F61D377110008E7EA5 /* ZSCombination.h */,
				CDE3F0F71D377110008E7EA5 /* ZSCombination.m */,
				CDE3F0F81D377110008E7EA5 /* ZSPermutation.h */,
				CDE3F0F91D377110008E7EA5 /* ZSPermutation.m */,
				CDE3F0FA1D377110008E7EA5 /* ZSProblem.h */,
				CDE3F0FB1D377110008E7EA5 /* ZSProblem.m */,
			);
			name = Problems;
			sourceTree = "<group>";
		};
		CDFD81A21D220B7F00176B9F /* Tree */ = {
			isa = PBXGroup;
			children = (
				CDFD81A61D220BAE00176B9F /* ZSTree.h */,
				CDFD81A71D220BAE00176B9F /* ZSTree.m */,
				CDFD81A91D220C7D00176B9F /* ZSTreeNode.h */,
				CDFD81AA1D220C7D00176B9F /* ZSTreeNode.m */,
				CD027AB81D43E5C20095D614 /* B-Tree */,
				CDFD81AC1D220D2A00176B9F /* ZSPairTreeNode.h */,
				CDFD81AD1D220D2A00176B9F /* ZSPairTreeNode.m */,
			);
			name = Tree;
			sourceTree = "<group>";
		};
/* End PBXGroup section */

/* Begin PBXNativeTarget section */
		CD0C092C1D09CE0A00E78C39 /* ZipperSlug */ = {
			isa = PBXNativeTarget;
			buildConfigurationList = CD0C09361D09CE0A00E78C39 /* Build configuration list for PBXNativeTarget "ZipperSlug" */;
			buildPhases = (
				CD0C09291D09CE0A00E78C39 /* Sources */,
				CD0C092A1D09CE0A00E78C39 /* Frameworks */,
				CD0C092B1D09CE0A00E78C39 /* CopyFiles */,
			);
			buildRules = (
			);
			dependencies = (
			);
			name = ZipperSlug;
			productName = ZipperSlug;
			productReference = CD0C092D1D09CE0A00E78C39 /* libZipperSlug.a */;
			productType = "com.apple.product-type.library.static";
		};
/* End PBXNativeTarget section */

/* Begin PBXProject section */
		CD0C09251D09CE0A00E78C39 /* Project object */ = {
			isa = PBXProject;
			attributes = {
				LastUpgradeCheck = 0730;
				ORGANIZATIONNAME = "Zachary Stegall";
				TargetAttributes = {
					CD0C092C1D09CE0A00E78C39 = {
						CreatedOnToolsVersion = 7.3.1;
					};
				};
			};
			buildConfigurationList = CD0C09281D09CE0A00E78C39 /* Build configuration list for PBXProject "ZipperSlug" */;
			compatibilityVersion = "Xcode 3.2";
			developmentRegion = English;
			hasScannedForEncodings = 0;
			knownRegions = (
				en,
			);
			mainGroup = CD0C09241D09CE0A00E78C39;
			productRefGroup = CD0C092E1D09CE0A00E78C39 /* Products */;
			projectDirPath = "";
			projectRoot = "";
			targets = (
				CD0C092C1D09CE0A00E78C39 /* ZipperSlug */,
			);
		};
/* End PBXProject section */

/* Begin PBXSourcesBuildPhase section */
		CD0C09291D09CE0A00E78C39 /* Sources */ = {
			isa = PBXSourcesBuildPhase;
			buildActionMask = 2147483647;
			files = (
				CD0C098A1D184CA100E78C39 /* ZSStackLinkedList.m in Sources */,
				CDFD81A81D220BAE00176B9F /* ZSTree.m in Sources */,
				CD0C09841D184AAD00E78C39 /* ZSStack.m in Sources */,
				CDD62AD91D360F1500DFE5FA /* ZSGraphMatrix.m in Sources */,
				CD0C09801D184AA000E78C39 /* ZSLinkedList.m in Sources */,
				CD027AA81D4053EF0095D614 /* NSString+ZSString.m in Sources */,
				CDE3F0FE1D377110008E7EA5 /* ZSProblem.m in Sources */,
				CDFD81B11D220DA700176B9F /* ZSLLNode.m in Sources */,
				CDE3F0F31D3770EA008E7EA5 /* ZSSearch.m in Sources */,
				CDE3F0F01D3770EA008E7EA5 /* ZSCompare.m in Sources */,
				CDD62AD31D360EB100DFE5FA /* ZSGraph.m in Sources */,
				CDD62AD61D360F0B00DFE5FA /* ZSGraphList.m in Sources */,
				CD027ABB1D43E5DF0095D614 /* ZSBTreeNode.m in Sources */,
				CDFD81AB1D220C7D00176B9F /* ZSTreeNode.m in Sources */,
				CDE3F0FC1D377110008E7EA5 /* ZSCombination.m in Sources */,
				CDE3F0F11D3770EA008E7EA5 /* ZSConversion.m in Sources */,
				CDE3F0F21D3770EA008E7EA5 /* ZSEquation.m in Sources */,
				CDFD81AE1D220D2A00176B9F /* ZSPairTreeNode.m in Sources */,
				CDE3F0F41D3770EA008E7EA5 /* ZSSort.m in Sources */,
				CD027ABE1D43E6030095D614 /* ZSBTree.m in Sources */,
				CD0C09871D184C9400E78C39 /* ZSStackArray.m in Sources */,
				CDE3F0FD1D377110008E7EA5 /* ZSPermutation.m in Sources */,
			);
			runOnlyForDeploymentPostprocessing = 0;
		};
/* End PBXSourcesBuildPhase section */

/* Begin XCBuildConfiguration section */
		CD0C09341D09CE0A00E78C39 /* Debug */ = {
			isa = XCBuildConfiguration;
			buildSettings = {
				ALWAYS_SEARCH_USER_PATHS = NO;
				CLANG_ANALYZER_NONNULL = YES;
				CLANG_CXX_LANGUAGE_STANDARD = "gnu++0x";
				CLANG_CXX_LIBRARY = "libc++";
				CLANG_ENABLE_MODULES = YES;
				CLANG_ENABLE_OBJC_ARC = YES;
				CLANG_WARN_BOOL_CONVERSION = YES;
				CLANG_WARN_CONSTANT_CONVERSION = YES;
				CLANG_WARN_DIRECT_OBJC_ISA_USAGE = YES_ERROR;
				CLANG_WARN_EMPTY_BODY = YES;
				CLANG_WARN_ENUM_CONVERSION = YES;
				CLANG_WARN_INT_CONVERSION = YES;
				CLANG_WARN_OBJC_ROOT_CLASS = YES_ERROR;
				CLANG_WARN_UNREACHABLE_CODE = YES;
				CLANG_WARN__DUPLICATE_METHOD_MATCH = YES;
				"CODE_SIGN_IDENTITY[sdk=iphoneos*]" = "iPhone Developer";
				COPY_PHASE_STRIP = NO;
				DEBUG_INFORMATION_FORMAT = dwarf;
				ENABLE_STRICT_OBJC_MSGSEND = YES;
				ENABLE_TESTABILITY = YES;
				GCC_C_LANGUAGE_STANDARD = gnu99;
				GCC_DYNAMIC_NO_PIC = NO;
				GCC_NO_COMMON_BLOCKS = YES;
				GCC_OPTIMIZATION_LEVEL = 0;
				GCC_PREPROCESSOR_DEFINITIONS = (
					"DEBUG=1",
					"$(inherited)",
				);
				GCC_WARN_64_TO_32_BIT_CONVERSION = YES;
				GCC_WARN_ABOUT_RETURN_TYPE = YES_ERROR;
				GCC_WARN_UNDECLARED_SELECTOR = YES;
				GCC_WARN_UNINITIALIZED_AUTOS = YES_AGGRESSIVE;
				GCC_WARN_UNUSED_FUNCTION = YES;
				GCC_WARN_UNUSED_VARIABLE = YES;
				IPHONEOS_DEPLOYMENT_TARGET = 9.3;
				MTL_ENABLE_DEBUG_INFO = YES;
				ONLY_ACTIVE_ARCH = YES;
				SDKROOT = iphoneos;
			};
			name = Debug;
		};
		CD0C09351D09CE0A00E78C39 /* Release */ = {
			isa = XCBuildConfiguration;
			buildSettings = {
				ALWAYS_SEARCH_USER_PATHS = NO;
				CLANG_ANALYZER_NONNULL = YES;
				CLANG_CXX_LANGUAGE_STANDARD = "gnu++0x";
				CLANG_CXX_LIBRARY = "libc++";
				CLANG_ENABLE_MODULES = YES;
				CLANG_ENABLE_OBJC_ARC = YES;
				CLANG_WARN_BOOL_CONVERSION = YES;
				CLANG_WARN_CONSTANT_CONVERSION = YES;
				CLANG_WARN_DIRECT_OBJC_ISA_USAGE = YES_ERROR;
				CLANG_WARN_EMPTY_BODY = YES;
				CLANG_WARN_ENUM_CONVERSION = YES;
				CLANG_WARN_INT_CONVERSION = YES;
				CLANG_WARN_OBJC_ROOT_CLASS = YES_ERROR;
				CLANG_WARN_UNREACHABLE_CODE = YES;
				CLANG_WARN__DUPLICATE_METHOD_MATCH = YES;
				"CODE_SIGN_IDENTITY[sdk=iphoneos*]" = "iPhone Developer";
				COPY_PHASE_STRIP = NO;
				DEBUG_INFORMATION_FORMAT = "dwarf-with-dsym";
				ENABLE_NS_ASSERTIONS = NO;
				ENABLE_STRICT_OBJC_MSGSEND = YES;
				GCC_C_LANGUAGE_STANDARD = gnu99;
				GCC_NO_COMMON_BLOCKS = YES;
				GCC_WARN_64_TO_32_BIT_CONVERSION = YES;
				GCC_WARN_ABOUT_RETURN_TYPE = YES_ERROR;
				GCC_WARN_UNDECLARED_SELECTOR = YES;
				GCC_WARN_UNINITIALIZED_AUTOS = YES_AGGRESSIVE;
				GCC_WARN_UNUSED_FUNCTION = YES;
				GCC_WARN_UNUSED_VARIABLE = YES;
				IPHONEOS_DEPLOYMENT_TARGET = 9.3;
				MTL_ENABLE_DEBUG_INFO = NO;
				SDKROOT = iphoneos;
				VALIDATE_PRODUCT = YES;
			};
			name = Release;
		};
		CD0C09371D09CE0A00E78C39 /* Debug */ = {
			isa = XCBuildConfiguration;
			buildSettings = {
				OTHER_LDFLAGS = "-ObjC";
				PRODUCT_NAME = "$(TARGET_NAME)";
				SKIP_INSTALL = YES;
			};
			name = Debug;
		};
		CD0C09381D09CE0A00E78C39 /* Release */ = {
			isa = XCBuildConfiguration;
			buildSettings = {
				OTHER_LDFLAGS = "-ObjC";
				PRODUCT_NAME = "$(TARGET_NAME)";
				SKIP_INSTALL = YES;
			};
			name = Release;
		};
/* End XCBuildConfiguration section */

/* Begin XCConfigurationList section */
		CD0C09281D09CE0A00E78C39 /* Build configuration list for PBXProject "ZipperSlug" */ = {
			isa = XCConfigurationList;
			buildConfigurations = (
				CD0C09341D09CE0A00E78C39 /* Debug */,
				CD0C09351D09CE0A00E78C39 /* Release */,
			);
			defaultConfigurationIsVisible = 0;
			defaultConfigurationName = Release;
		};
		CD0C09361D09CE0A00E78C39 /* Build configuration list for PBXNativeTarget "ZipperSlug" */ = {
			isa = XCConfigurationList;
			buildConfigurations = (
				CD0C09371D09CE0A00E78C39 /* Debug */,
				CD0C09381D09CE0A00E78C39 /* Release */,
			);
			defaultConfigurationIsVisible = 0;
			defaultConfigurationName = Release;
		};
/* End XCConfigurationList section */
	};
	rootObject = CD0C09251D09CE0A00E78C39 /* Project object */;
}
