// !$*UTF8*$!
{
	archiveVersion = 1;
	classes = {
	};
	objectVersion = 46;
	objects = {

/* Begin PBXBuildFile section */
		CD0C09431D09D27600E78C39 /* ZSSort.m in Sources */ = {isa = PBXBuildFile; fileRef = CD0C09421D09D27600E78C39 /* ZSSort.m */; };
		CD0C09461D09D35700E78C39 /* ZSEquation.m in Sources */ = {isa = PBXBuildFile; fileRef = CD0C09451D09D35700E78C39 /* ZSEquation.m */; };
		CD0C09531D0A1A6900E78C39 /* ZSCombination.m in Sources */ = {isa = PBXBuildFile; fileRef = CD0C09521D0A1A6900E78C39 /* ZSCombination.m */; };
		CD0C09561D0A1C9100E78C39 /* ZSConversion.m in Sources */ = {isa = PBXBuildFile; fileRef = CD0C09551D0A1C9100E78C39 /* ZSConversion.m */; };
		CD0C095B1D0B17CD00E78C39 /* ZSPermutation.m in Sources */ = {isa = PBXBuildFile; fileRef = CD0C095A1D0B17CD00E78C39 /* ZSPermutation.m */; };
		CD0C095E1D0B214700E78C39 /* ZSSearch.m in Sources */ = {isa = PBXBuildFile; fileRef = CD0C095D1D0B214700E78C39 /* ZSSearch.m */; };
		CD0C09611D0B22D200E78C39 /* ZSCompare.m in Sources */ = {isa = PBXBuildFile; fileRef = CD0C09601D0B22D200E78C39 /* ZSCompare.m */; };
		CD0C09691D17A34300E78C39 /* ZSProblem.m in Sources */ = {isa = PBXBuildFile; fileRef = CD0C09681D17A34300E78C39 /* ZSProblem.m */; };
		CD0C096E1D17B9FF00E78C39 /* ZSNode.m in Sources */ = {isa = PBXBuildFile; fileRef = CD0C096D1D17B9FF00E78C39 /* ZSNode.m */; };
		CD0C09711D17BAA400E78C39 /* ZSLinkedList.m in Sources */ = {isa = PBXBuildFile; fileRef = CD0C09701D17BAA400E78C39 /* ZSLinkedList.m */; };
/* End PBXBuildFile section */

/* Begin PBXCopyFilesBuildPhase section */
		CD0C092B1D09CE0A00E78C39 /* CopyFiles */ = {
			isa = PBXCopyFilesBuildPhase;
			buildActionMask = 2147483647;
			dstPath = "include/$(PRODUCT_NAME)";
			dstSubfolderSpec = 16;
			files = (
			);
			runOnlyForDeploymentPostprocessing = 0;
		};
/* End PBXCopyFilesBuildPhase section */

/* Begin PBXFileReference section */
		CD0C092D1D09CE0A00E78C39 /* libZipperSlug.a */ = {isa = PBXFileReference; explicitFileType = archive.ar; includeInIndex = 0; path = libZipperSlug.a; sourceTree = BUILT_PRODUCTS_DIR; };
		CD0C09411D09D27600E78C39 /* ZSSort.h */ = {isa = PBXFileReference; fileEncoding = 4; lastKnownFileType = sourcecode.c.h; name = ZSSort.h; path = private/ZSSort.h; sourceTree = "<group>"; };
		CD0C09421D09D27600E78C39 /* ZSSort.m */ = {isa = PBXFileReference; fileEncoding = 4; lastKnownFileType = sourcecode.c.objc; name = ZSSort.m; path = private/ZSSort.m; sourceTree = "<group>"; };
		CD0C09441D09D35700E78C39 /* ZSEquation.h */ = {isa = PBXFileReference; fileEncoding = 4; lastKnownFileType = sourcecode.c.h; name = ZSEquation.h; path = private/ZSEquation.h; sourceTree = "<group>"; };
		CD0C09451D09D35700E78C39 /* ZSEquation.m */ = {isa = PBXFileReference; fileEncoding = 4; lastKnownFileType = sourcecode.c.objc; name = ZSEquation.m; path = private/ZSEquation.m; sourceTree = "<group>"; };
		CD0C09511D0A1A6900E78C39 /* ZSCombination.h */ = {isa = PBXFileReference; fileEncoding = 4; lastKnownFileType = sourcecode.c.h; path = ZSCombination.h; sourceTree = "<group>"; };
		CD0C09521D0A1A6900E78C39 /* ZSCombination.m */ = {isa = PBXFileReference; fileEncoding = 4; lastKnownFileType = sourcecode.c.objc; path = ZSCombination.m; sourceTree = "<group>"; };
		CD0C09541D0A1C9100E78C39 /* ZSConversion.h */ = {isa = PBXFileReference; fileEncoding = 4; lastKnownFileType = sourcecode.c.h; name = ZSConversion.h; path = private/ZSConversion.h; sourceTree = "<group>"; };
		CD0C09551D0A1C9100E78C39 /* ZSConversion.m */ = {isa = PBXFileReference; fileEncoding = 4; lastKnownFileType = sourcecode.c.objc; name = ZSConversion.m; path = private/ZSConversion.m; sourceTree = "<group>"; };
		CD0C09591D0B17CD00E78C39 /* ZSPermutation.h */ = {isa = PBXFileReference; fileEncoding = 4; lastKnownFileType = sourcecode.c.h; path = ZSPermutation.h; sourceTree = "<group>"; };
		CD0C095A1D0B17CD00E78C39 /* ZSPermutation.m */ = {isa = PBXFileReference; fileEncoding = 4; lastKnownFileType = sourcecode.c.objc; path = ZSPermutation.m; sourceTree = "<group>"; };
		CD0C095C1D0B214700E78C39 /* ZSSearch.h */ = {isa = PBXFileReference; fileEncoding = 4; lastKnownFileType = sourcecode.c.h; name = ZSSearch.h; path = private/ZSSearch.h; sourceTree = "<group>"; };
		CD0C095D1D0B214700E78C39 /* ZSSearch.m */ = {isa = PBXFileReference; fileEncoding = 4; lastKnownFileType = sourcecode.c.objc; name = ZSSearch.m; path = private/ZSSearch.m; sourceTree = "<group>"; };
		CD0C095F1D0B22D200E78C39 /* ZSCompare.h */ = {isa = PBXFileReference; fileEncoding = 4; lastKnownFileType = sourcecode.c.h; name = ZSCompare.h; path = private/ZSCompare.h; sourceTree = "<group>"; };
		CD0C09601D0B22D200E78C39 /* ZSCompare.m */ = {isa = PBXFileReference; fileEncoding = 4; lastKnownFileType = sourcecode.c.objc; name = ZSCompare.m; path = private/ZSCompare.m; sourceTree = "<group>"; };
		CD0C09621D0B253C00E78C39 /* ZipperSlug.h */ = {isa = PBXFileReference; lastKnownFileType = sourcecode.c.h; path = ZipperSlug.h; sourceTree = "<group>"; };
		CD0C09671D17A34300E78C39 /* ZSProblem.h */ = {isa = PBXFileReference; fileEncoding = 4; lastKnownFileType = sourcecode.c.h; path = ZSProblem.h; sourceTree = "<group>"; };
		CD0C09681D17A34300E78C39 /* ZSProblem.m */ = {isa = PBXFileReference; fileEncoding = 4; lastKnownFileType = sourcecode.c.objc; path = ZSProblem.m; sourceTree = "<group>"; };
		CD0C096C1D17B9FF00E78C39 /* ZSNode.h */ = {isa = PBXFileReference; fileEncoding = 4; lastKnownFileType = sourcecode.c.h; name = ZSNode.h; path = LinkedList/ZSNode.h; sourceTree = "<group>"; };
		CD0C096D1D17B9FF00E78C39 /* ZSNode.m */ = {isa = PBXFileReference; fileEncoding = 4; lastKnownFileType = sourcecode.c.objc; name = ZSNode.m; path = LinkedList/ZSNode.m; sourceTree = "<group>"; };
		CD0C096F1D17BAA400E78C39 /* ZSLinkedList.h */ = {isa = PBXFileReference; fileEncoding = 4; lastKnownFileType = sourcecode.c.h; name = ZSLinkedList.h; path = LinkedList/ZSLinkedList.h; sourceTree = "<group>"; };
		CD0C09701D17BAA400E78C39 /* ZSLinkedList.m */ = {isa = PBXFileReference; fileEncoding = 4; lastKnownFileType = sourcecode.c.objc; name = ZSLinkedList.m; path = LinkedList/ZSLinkedList.m; sourceTree = "<group>"; };
/* End PBXFileReference section */

/* Begin PBXFrameworksBuildPhase section */
		CD0C092A1D09CE0A00E78C39 /* Frameworks */ = {
			isa = PBXFrameworksBuildPhase;
			buildActionMask = 2147483647;
			files = (
			);
			runOnlyForDeploymentPostprocessing = 0;
		};
/* End PBXFrameworksBuildPhase section */

/* Begin PBXGroup section */
		CD0C09241D09CE0A00E78C39 = {
			isa = PBXGroup;
			children = (
				CD0C092F1D09CE0A00E78C39 /* ZipperSlug */,
				CD0C092E1D09CE0A00E78C39 /* Products */,
			);
			sourceTree = "<group>";
		};
		CD0C092E1D09CE0A00E78C39 /* Products */ = {
			isa = PBXGroup;
			children = (
				CD0C092D1D09CE0A00E78C39 /* libZipperSlug.a */,
			);
			name = Products;
			sourceTree = "<group>";
		};
		CD0C092F1D09CE0A00E78C39 /* ZipperSlug */ = {
			isa = PBXGroup;
			children = (
				CD0C09621D0B253C00E78C39 /* ZipperSlug.h */,
				CD0C09511D0A1A6900E78C39 /* ZSCombination.h */,
				CD0C09521D0A1A6900E78C39 /* ZSCombination.m */,
				CD0C09591D0B17CD00E78C39 /* ZSPermutation.h */,
				CD0C095A1D0B17CD00E78C39 /* ZSPermutation.m */,
				CD0C09671D17A34300E78C39 /* ZSProblem.h */,
				CD0C09681D17A34300E78C39 /* ZSProblem.m */,
				CD0C093A1D09D1DB00E78C39 /* private */,
				CD0C096B1D17AE5800E78C39 /* LinkedList */,
			);
			path = ZipperSlug;
			sourceTree = "<group>";
		};
		CD0C093A1D09D1DB00E78C39 /* private */ = {
			isa = PBXGroup;
			children = (
				CD0C095F1D0B22D200E78C39 /* ZSCompare.h */,
				CD0C09601D0B22D200E78C39 /* ZSCompare.m */,
				CD0C09441D09D35700E78C39 /* ZSEquation.h */,
				CD0C09451D09D35700E78C39 /* ZSEquation.m */,
				CD0C09411D09D27600E78C39 /* ZSSort.h */,
				CD0C09421D09D27600E78C39 /* ZSSort.m */,
				CD0C095C1D0B214700E78C39 /* ZSSearch.h */,
				CD0C095D1D0B214700E78C39 /* ZSSearch.m */,
				CD0C09541D0A1C9100E78C39 /* ZSConversion.h */,
				CD0C09551D0A1C9100E78C39 /* ZSConversion.m */,
			);
			name = private;
			sourceTree = "<group>";
		};
		CD0C096B1D17AE5800E78C39 /* LinkedList */ = {
			isa = PBXGroup;
			children = (
				CD0C096F1D17BAA400E78C39 /* ZSLinkedList.h */,
				CD0C09701D17BAA400E78C39 /* ZSLinkedList.m */,
				CD0C096C1D17B9FF00E78C39 /* ZSNode.h */,
				CD0C096D1D17B9FF00E78C39 /* ZSNode.m */,
			);
			name = LinkedList;
			sourceTree = "<group>";
		};
/* End PBXGroup section */

/* Begin PBXNativeTarget section */
		CD0C092C1D09CE0A00E78C39 /* ZipperSlug */ = {
			isa = PBXNativeTarget;
			buildConfigurationList = CD0C09361D09CE0A00E78C39 /* Build configuration list for PBXNativeTarget "ZipperSlug" */;
			buildPhases = (
				CD0C09291D09CE0A00E78C39 /* Sources */,
				CD0C092A1D09CE0A00E78C39 /* Frameworks */,
				CD0C092B1D09CE0A00E78C39 /* CopyFiles */,
			);
			buildRules = (
			);
			dependencies = (
			);
			name = ZipperSlug;
			productName = ZipperSlug;
			productReference = CD0C092D1D09CE0A00E78C39 /* libZipperSlug.a */;
			productType = "com.apple.product-type.library.static";
		};
/* End PBXNativeTarget section */

/* Begin PBXProject section */
		CD0C09251D09CE0A00E78C39 /* Project object */ = {
			isa = PBXProject;
			attributes = {
				LastUpgradeCheck = 0730;
				ORGANIZATIONNAME = "Zachary Stegall";
				TargetAttributes = {
					CD0C092C1D09CE0A00E78C39 = {
						CreatedOnToolsVersion = 7.3.1;
					};
				};
			};
			buildConfigurationList = CD0C09281D09CE0A00E78C39 /* Build configuration list for PBXProject "ZipperSlug" */;
			compatibilityVersion = "Xcode 3.2";
			developmentRegion = English;
			hasScannedForEncodings = 0;
			knownRegions = (
				en,
			);
			mainGroup = CD0C09241D09CE0A00E78C39;
			productRefGroup = CD0C092E1D09CE0A00E78C39 /* Products */;
			projectDirPath = "";
			projectRoot = "";
			targets = (
				CD0C092C1D09CE0A00E78C39 /* ZipperSlug */,
			);
		};
/* End PBXProject section */

/* Begin PBXSourcesBuildPhase section */
		CD0C09291D09CE0A00E78C39 /* Sources */ = {
			isa = PBXSourcesBuildPhase;
			buildActionMask = 2147483647;
			files = (
				CD0C095B1D0B17CD00E78C39 /* ZSPermutation.m in Sources */,
				CD0C09561D0A1C9100E78C39 /* ZSConversion.m in Sources */,
				CD0C09611D0B22D200E78C39 /* ZSCompare.m in Sources */,
				CD0C095E1D0B214700E78C39 /* ZSSearch.m in Sources */,
				CD0C09691D17A34300E78C39 /* ZSProblem.m in Sources */,
				CD0C09461D09D35700E78C39 /* ZSEquation.m in Sources */,
				CD0C09431D09D27600E78C39 /* ZSSort.m in Sources */,
				CD0C09711D17BAA400E78C39 /* ZSLinkedList.m in Sources */,
				CD0C096E1D17B9FF00E78C39 /* ZSNode.m in Sources */,
				CD0C09531D0A1A6900E78C39 /* ZSCombination.m in Sources */,
			);
			runOnlyForDeploymentPostprocessing = 0;
		};
/* End PBXSourcesBuildPhase section */

/* Begin XCBuildConfiguration section */
		CD0C09341D09CE0A00E78C39 /* Debug */ = {
			isa = XCBuildConfiguration;
			buildSettings = {
				ALWAYS_SEARCH_USER_PATHS = NO;
				CLANG_ANALYZER_NONNULL = YES;
				CLANG_CXX_LANGUAGE_STANDARD = "gnu++0x";
				CLANG_CXX_LIBRARY = "libc++";
				CLANG_ENABLE_MODULES = YES;
				CLANG_ENABLE_OBJC_ARC = YES;
				CLANG_WARN_BOOL_CONVERSION = YES;
				CLANG_WARN_CONSTANT_CONVERSION = YES;
				CLANG_WARN_DIRECT_OBJC_ISA_USAGE = YES_ERROR;
				CLANG_WARN_EMPTY_BODY = YES;
				CLANG_WARN_ENUM_CONVERSION = YES;
				CLANG_WARN_INT_CONVERSION = YES;
				CLANG_WARN_OBJC_ROOT_CLASS = YES_ERROR;
				CLANG_WARN_UNREACHABLE_CODE = YES;
				CLANG_WARN__DUPLICATE_METHOD_MATCH = YES;
				"CODE_SIGN_IDENTITY[sdk=iphoneos*]" = "iPhone Developer";
				COPY_PHASE_STRIP = NO;
				DEBUG_INFORMATION_FORMAT = dwarf;
				ENABLE_STRICT_OBJC_MSGSEND = YES;
				ENABLE_TESTABILITY = YES;
				GCC_C_LANGUAGE_STANDARD = gnu99;
				GCC_DYNAMIC_NO_PIC = NO;
				GCC_NO_COMMON_BLOCKS = YES;
				GCC_OPTIMIZATION_LEVEL = 0;
				GCC_PREPROCESSOR_DEFINITIONS = (
					"DEBUG=1",
					"$(inherited)",
				);
				GCC_WARN_64_TO_32_BIT_CONVERSION = YES;
				GCC_WARN_ABOUT_RETURN_TYPE = YES_ERROR;
				GCC_WARN_UNDECLARED_SELECTOR = YES;
				GCC_WARN_UNINITIALIZED_AUTOS = YES_AGGRESSIVE;
				GCC_WARN_UNUSED_FUNCTION = YES;
				GCC_WARN_UNUSED_VARIABLE = YES;
				IPHONEOS_DEPLOYMENT_TARGET = 9.3;
				MTL_ENABLE_DEBUG_INFO = YES;
				ONLY_ACTIVE_ARCH = YES;
				SDKROOT = iphoneos;
			};
			name = Debug;
		};
		CD0C09351D09CE0A00E78C39 /* Release */ = {
			isa = XCBuildConfiguration;
			buildSettings = {
				ALWAYS_SEARCH_USER_PATHS = NO;
				CLANG_ANALYZER_NONNULL = YES;
				CLANG_CXX_LANGUAGE_STANDARD = "gnu++0x";
				CLANG_CXX_LIBRARY = "libc++";
				CLANG_ENABLE_MODULES = YES;
				CLANG_ENABLE_OBJC_ARC = YES;
				CLANG_WARN_BOOL_CONVERSION = YES;
				CLANG_WARN_CONSTANT_CONVERSION = YES;
				CLANG_WARN_DIRECT_OBJC_ISA_USAGE = YES_ERROR;
				CLANG_WARN_EMPTY_BODY = YES;
				CLANG_WARN_ENUM_CONVERSION = YES;
				CLANG_WARN_INT_CONVERSION = YES;
				CLANG_WARN_OBJC_ROOT_CLASS = YES_ERROR;
				CLANG_WARN_UNREACHABLE_CODE = YES;
				CLANG_WARN__DUPLICATE_METHOD_MATCH = YES;
				"CODE_SIGN_IDENTITY[sdk=iphoneos*]" = "iPhone Developer";
				COPY_PHASE_STRIP = NO;
				DEBUG_INFORMATION_FORMAT = "dwarf-with-dsym";
				ENABLE_NS_ASSERTIONS = NO;
				ENABLE_STRICT_OBJC_MSGSEND = YES;
				GCC_C_LANGUAGE_STANDARD = gnu99;
				GCC_NO_COMMON_BLOCKS = YES;
				GCC_WARN_64_TO_32_BIT_CONVERSION = YES;
				GCC_WARN_ABOUT_RETURN_TYPE = YES_ERROR;
				GCC_WARN_UNDECLARED_SELECTOR = YES;
				GCC_WARN_UNINITIALIZED_AUTOS = YES_AGGRESSIVE;
				GCC_WARN_UNUSED_FUNCTION = YES;
				GCC_WARN_UNUSED_VARIABLE = YES;
				IPHONEOS_DEPLOYMENT_TARGET = 9.3;
				MTL_ENABLE_DEBUG_INFO = NO;
				SDKROOT = iphoneos;
				VALIDATE_PRODUCT = YES;
			};
			name = Release;
		};
		CD0C09371D09CE0A00E78C39 /* Debug */ = {
			isa = XCBuildConfiguration;
			buildSettings = {
				OTHER_LDFLAGS = "-ObjC";
				PRODUCT_NAME = "$(TARGET_NAME)";
				SKIP_INSTALL = YES;
			};
			name = Debug;
		};
		CD0C09381D09CE0A00E78C39 /* Release */ = {
			isa = XCBuildConfiguration;
			buildSettings = {
				OTHER_LDFLAGS = "-ObjC";
				PRODUCT_NAME = "$(TARGET_NAME)";
				SKIP_INSTALL = YES;
			};
			name = Release;
		};
/* End XCBuildConfiguration section */

/* Begin XCConfigurationList section */
		CD0C09281D09CE0A00E78C39 /* Build configuration list for PBXProject "ZipperSlug" */ = {
			isa = XCConfigurationList;
			buildConfigurations = (
				CD0C09341D09CE0A00E78C39 /* Debug */,
				CD0C09351D09CE0A00E78C39 /* Release */,
			);
			defaultConfigurationIsVisible = 0;
			defaultConfigurationName = Release;
		};
		CD0C09361D09CE0A00E78C39 /* Build configuration list for PBXNativeTarget "ZipperSlug" */ = {
			isa = XCConfigurationList;
			buildConfigurations = (
				CD0C09371D09CE0A00E78C39 /* Debug */,
				CD0C09381D09CE0A00E78C39 /* Release */,
			);
			defaultConfigurationIsVisible = 0;
			defaultConfigurationName = Release;
		};
/* End XCConfigurationList section */
	};
	rootObject = CD0C09251D09CE0A00E78C39 /* Project object */;
}
